
Microsoft Visual Studio Solution File, Format Version 12.00
# Visual Studio 15
VisualStudioVersion = 15.0.28307.438
MinimumVisualStudioVersion = 10.0.40219.1
Project("{9A19103F-16F7-4668-BE54-9A1E7A4F7556}") = "Idealize.Web", "Idealize.Web\Idealize.Web.csproj", "{D288CE6A-34D1-4234-BCC0-6958BDB0A18F}"
EndProject
Project("{2150E333-8FDC-42A3-9474-1A3956D46DE8}") = "Camada Web", "Camada Web", "{9D774476-EB69-4A57-A56C-0E2124B69058}"
EndProject
Project("{2150E333-8FDC-42A3-9474-1A3956D46DE8}") = "Camada VO", "Camada VO", "{606DC8CB-C0C5-4C9F-B399-73072E5E06A3}"
EndProject
Project("{9A19103F-16F7-4668-BE54-9A1E7A4F7556}") = "Idealize.VO", "Idealize.VO\Idealize.VO.csproj", "{CF00BBB6-4FB0-419F-909E-C771C3C30E92}"
EndProject
Global
	GlobalSection(SolutionConfigurationPlatforms) = preSolution
		Debug|Any CPU = Debug|Any CPU
		Release|Any CPU = Release|Any CPU
	EndGlobalSection
	GlobalSection(ProjectConfigurationPlatforms) = postSolution
		{D288CE6A-34D1-4234-BCC0-6958BDB0A18F}.Debug|Any CPU.ActiveCfg = Debug|Any CPU
		{D288CE6A-34D1-4234-BCC0-6958BDB0A18F}.Debug|Any CPU.Build.0 = Debug|Any CPU
		{D288CE6A-34D1-4234-BCC0-6958BDB0A18F}.Release|Any CPU.ActiveCfg = Release|Any CPU
		{D288CE6A-34D1-4234-BCC0-6958BDB0A18F}.Release|Any CPU.Build.0 = Release|Any CPU
		{CF00BBB6-4FB0-419F-909E-C771C3C30E92}.Debug|Any CPU.ActiveCfg = Debug|Any CPU
		{CF00BBB6-4FB0-419F-909E-C771C3C30E92}.Debug|Any CPU.Build.0 = Debug|Any CPU
		{CF00BBB6-4FB0-419F-909E-C771C3C30E92}.Release|Any CPU.ActiveCfg = Release|Any CPU
		{CF00BBB6-4FB0-419F-909E-C771C3C30E92}.Release|Any CPU.Build.0 = Release|Any CPU
	EndGlobalSection
	GlobalSection(SolutionProperties) = preSolution
		HideSolutionNode = FALSE
	EndGlobalSection
	GlobalSection(NestedProjects) = preSolution
		{D288CE6A-34D1-4234-BCC0-6958BDB0A18F} = {9D774476-EB69-4A57-A56C-0E2124B69058}
		{CF00BBB6-4FB0-419F-909E-C771C3C30E92} = {606DC8CB-C0C5-4C9F-B399-73072E5E06A3}
	EndGlobalSection
	GlobalSection(ExtensibilityGlobals) = postSolution
		SolutionGuid = {BDEF5C95-9765-4D42-9C9F-2773E6790944}
	EndGlobalSection
EndGlobal
